
Microsoft Visual Studio Solution File, Format Version 12.00
# Visual Studio Version 17
VisualStudioVersion = 17.5.002.0
MinimumVisualStudioVersion = 10.0.40219.1
Project("{9A19103F-16F7-4668-BE54-9A1E7A4F7556}") = "MyWebApp", "MyWebApp.csproj", "{71726D83-5D58-4798-ADF4-4B44DF46D284}"
EndProject
Global
	GlobalSection(SolutionConfigurationPlatforms) = preSolution
		Debug|Any CPU = Debug|Any CPU
		Release|Any CPU = Release|Any CPU
	EndGlobalSection
	GlobalSection(ProjectConfigurationPlatforms) = postSolution
		{71726D83-5D58-4798-ADF4-4B44DF46D284}.Debug|Any CPU.ActiveCfg = Debug|Any CPU
		{71726D83-5D58-4798-ADF4-4B44DF46D284}.Debug|Any CPU.Build.0 = Debug|Any CPU
		{71726D83-5D58-4798-ADF4-4B44DF46D284}.Release|Any CPU.ActiveCfg = Release|Any CPU
		{71726D83-5D58-4798-ADF4-4B44DF46D284}.Release|Any CPU.Build.0 = Release|Any CPU
	EndGlobalSection
	GlobalSection(SolutionProperties) = preSolution
		HideSolutionNode = FALSE
	EndGlobalSection
	GlobalSection(ExtensibilityGlobals) = postSolution
		SolutionGuid = {7808B2A0-B5A9-4FD4-9DEA-7398CC785CED}
	EndGlobalSection
EndGlobal
